# This file is automatically @generated by Cargo.
# It is not intended for manual editing.
version = 3

[[package]]
name = "solana-foundation-delegation-program-cli"
version = "1.0.7"

[[package]]
name = "solana-foundation-delegation-program-registry"
version = "1.0.1"

[[package]]
name = "solana-stake-o-matic"
version = "0.0.0"
